{
  "name": "test",
  "version": "1.0.0",
  "lockfileVersion": 3,
  "requires": true,
  "packages": {
    "": {
      "name": "test",
      "version": "1.0.0",
      "license": "ISC",
      "dependencies": {
        "@babl.one/core": "^3.1.2"
      }
    },
    "node_modules/@babl.one/core": {
      "version": "3.1.2",
      "resolved": "https://registry.npmjs.org/@babl.one/core/-/core-3.1.2.tgz",
      "integrity": "sha512-dN6MjJzVBrC23ewyUlc/+3C6df2TJFRrJp5NpLzbUvo19ii/aL0CkZLl73sKe4r2yKTX6DUuSwi5XIhkZskQ8w==",
      "bin": {
        "init": "init.mjs"
      }
    }
  }
}
